
Microsoft Visual Studio Solution File, Format Version 12.00
# Visual Studio Version 17
VisualStudioVersion = 17.2.32616.157
MinimumVisualStudioVersion = 10.0.40219.1
Project("{FAE04EC0-301F-11D3-BF4B-00C04F79EFBC}") = "EventProject", "EventProject\EventProject.csproj", "{D66EAEB0-6F71-4591-93EC-A9695079C5C0}"
EndProject
Global
	GlobalSection(SolutionConfigurationPlatforms) = preSolution
		Debug|Any CPU = Debug|Any CPU
		Release|Any CPU = Release|Any CPU
	EndGlobalSection
	GlobalSection(ProjectConfigurationPlatforms) = postSolution
		{D66EAEB0-6F71-4591-93EC-A9695079C5C0}.Debug|Any CPU.ActiveCfg = Debug|Any CPU
		{D66EAEB0-6F71-4591-93EC-A9695079C5C0}.Debug|Any CPU.Build.0 = Debug|Any CPU
		{D66EAEB0-6F71-4591-93EC-A9695079C5C0}.Release|Any CPU.ActiveCfg = Release|Any CPU
		{D66EAEB0-6F71-4591-93EC-A9695079C5C0}.Release|Any CPU.Build.0 = Release|Any CPU
	EndGlobalSection
	GlobalSection(SolutionProperties) = preSolution
		HideSolutionNode = FALSE
	EndGlobalSection
	GlobalSection(ExtensibilityGlobals) = postSolution
		SolutionGuid = {6CE938AB-A31B-401F-ACD5-AB4A2FB0BAB2}
	EndGlobalSection
EndGlobal
